// !$*UTF8*$!
{
	archiveVersion = 1;
	classes = {
	};
	objectVersion = 55;
	objects = {

/* Begin PBXBuildFile section */
		0092523627DA573500F4F029 /* TourMateTitleView.swift in Sources */ = {isa = PBXBuildFile; fileRef = 0092522F27DA573500F4F029 /* TourMateTitleView.swift */; };
		0092523827DA573500F4F029 /* LaunchView.swift in Sources */ = {isa = PBXBuildFile; fileRef = 0092523127DA573500F4F029 /* LaunchView.swift */; };
		0092523A27DA573500F4F029 /* InputSecureField.swift in Sources */ = {isa = PBXBuildFile; fileRef = 0092523427DA573500F4F029 /* InputSecureField.swift */; };
		0092523B27DA573500F4F029 /* InputTextField.swift in Sources */ = {isa = PBXBuildFile; fileRef = 0092523527DA573500F4F029 /* InputTextField.swift */; };
		0092523E27DA574800F4F029 /* AuthenticationController.swift in Sources */ = {isa = PBXBuildFile; fileRef = 0092523D27DA574800F4F029 /* AuthenticationController.swift */; };
		00F83BB827DC46E4003A28AA /* AuthPageSubmitButton.swift in Sources */ = {isa = PBXBuildFile; fileRef = 00F83BB727DC46E4003A28AA /* AuthPageSubmitButton.swift */; };
		00F83BC027DC528F003A28AA /* FirebaseAuthenticationManager.swift in Sources */ = {isa = PBXBuildFile; fileRef = 00F83BBF27DC528F003A28AA /* FirebaseAuthenticationManager.swift */; };
		00F83BC227DC5296003A28AA /* AuthenticationManager.swift in Sources */ = {isa = PBXBuildFile; fileRef = 00F83BC127DC5296003A28AA /* AuthenticationManager.swift */; };
		00F83BC727DC62BF003A28AA /* LogOutView.swift in Sources */ = {isa = PBXBuildFile; fileRef = 00F83BC627DC62BF003A28AA /* LogOutView.swift */; };
		00F83BC927DC777C003A28AA /* LogInTitleView.swift in Sources */ = {isa = PBXBuildFile; fileRef = 00F83BC827DC777C003A28AA /* LogInTitleView.swift */; };
		00F83BCD27DC7F3C003A28AA /* HomeNavigationView.swift in Sources */ = {isa = PBXBuildFile; fileRef = 00F83BCC27DC7F3C003A28AA /* HomeNavigationView.swift */; };
		00F83BD027DC81B3003A28AA /* AuthPageStatusDisplay.swift in Sources */ = {isa = PBXBuildFile; fileRef = 00F83BCF27DC81B3003A28AA /* AuthPageStatusDisplay.swift */; };
		00F83BD527DC8607003A28AA /* AuthPageRegister.swift in Sources */ = {isa = PBXBuildFile; fileRef = 00F83BD427DC8607003A28AA /* AuthPageRegister.swift */; };
		00F83BD727DC893E003A28AA /* AuthPageLogIn.swift in Sources */ = {isa = PBXBuildFile; fileRef = 00F83BD627DC893E003A28AA /* AuthPageLogIn.swift */; };
		00F83BDB27DC8D34003A28AA /* AuthenticationView.swift in Sources */ = {isa = PBXBuildFile; fileRef = 00F83BDA27DC8D34003A28AA /* AuthenticationView.swift */; };
		00F83BDD27DC8D5A003A28AA /* AuthenticationType.swift in Sources */ = {isa = PBXBuildFile; fileRef = 00F83BDC27DC8D5A003A28AA /* AuthenticationType.swift */; };
		194E6318F1A4F53AD0673038 /* Pods_TourMateTests.framework in Frameworks */ = {isa = PBXBuildFile; fileRef = AB85743BC6986C526A7FF232 /* Pods_TourMateTests.framework */; };
		43CA47F6D2378990F041943C /* Pods_TourMate.framework in Frameworks */ = {isa = PBXBuildFile; fileRef = 720CE2DA18816A7C56653A32 /* Pods_TourMate.framework */; };
		4C4299B727E0E8B6001FD45B /* PlanType.swift in Sources */ = {isa = PBXBuildFile; fileRef = 4C4299B627E0E8B6001FD45B /* PlanType.swift */; };
		4C4539B627DE456800AB8384 /* FirebaseTripController.swift in Sources */ = {isa = PBXBuildFile; fileRef = 4C4539B527DE456800AB8384 /* FirebaseTripController.swift */; };
		4C8639A027DF32FE000566FB /* FirebasePlanType.swift in Sources */ = {isa = PBXBuildFile; fileRef = 4C86399F27DF32FE000566FB /* FirebasePlanType.swift */; };
		4C8639A327DF37DA000566FB /* Constants.swift in Sources */ = {isa = PBXBuildFile; fileRef = 4C8639A227DF37DA000566FB /* Constants.swift */; };
		4CB954D227DDE039001410AD /* FirebaseConfig.swift in Sources */ = {isa = PBXBuildFile; fileRef = 4CB954D127DDE039001410AD /* FirebaseConfig.swift */; };
		4CB954DA27DDF499001410AD /* FirebaseAdaptedUser.swift in Sources */ = {isa = PBXBuildFile; fileRef = 4CB954D927DDF499001410AD /* FirebaseAdaptedUser.swift */; };
		4CB954DC27DDFAA8001410AD /* FirebasePersistenceManager.swift in Sources */ = {isa = PBXBuildFile; fileRef = 4CB954DB27DDFAA8001410AD /* FirebasePersistenceManager.swift */; };
		4CB954DE27DDFDB2001410AD /* PersistenceManager.swift in Sources */ = {isa = PBXBuildFile; fileRef = 4CB954DD27DDFDB2001410AD /* PersistenceManager.swift */; };
		4CB954E027DDFFC7001410AD /* User.swift in Sources */ = {isa = PBXBuildFile; fileRef = 4CB954DF27DDFFC7001410AD /* User.swift */; };
		4CB954E627DE0066001410AD /* UserPersistenceController.swift in Sources */ = {isa = PBXBuildFile; fileRef = 4CB954E527DE0066001410AD /* UserPersistenceController.swift */; };
		4CB954E827DE1712001410AD /* GoogleService-Info.plist in Resources */ = {isa = PBXBuildFile; fileRef = 4CB954E727DE1711001410AD /* GoogleService-Info.plist */; };
		4CB954EA27DE3EBC001410AD /* AnyFirebaseAdaptedData.swift in Sources */ = {isa = PBXBuildFile; fileRef = 4CB954E927DE3EBC001410AD /* AnyFirebaseAdaptedData.swift */; };
		4CB954EC27DE3F08001410AD /* FirebaseAdaptedType.swift in Sources */ = {isa = PBXBuildFile; fileRef = 4CB954EB27DE3F08001410AD /* FirebaseAdaptedType.swift */; };
		4CB954EE27DE3FE1001410AD /* FirebaseAdaptedData.swift in Sources */ = {isa = PBXBuildFile; fileRef = 4CB954ED27DE3FE1001410AD /* FirebaseAdaptedData.swift */; };
		4CCBBD1927DE626800F9C250 /* Trip.swift in Sources */ = {isa = PBXBuildFile; fileRef = 4CCBBD1827DE626800F9C250 /* Trip.swift */; };
		4CCBBD1B27DE651F00F9C250 /* PlanPersistenceController.swift in Sources */ = {isa = PBXBuildFile; fileRef = 4CCBBD1A27DE651F00F9C250 /* PlanPersistenceController.swift */; };
		4CCBBD1F27DE67B400F9C250 /* PlanStatus.swift in Sources */ = {isa = PBXBuildFile; fileRef = 4CCBBD1E27DE67B400F9C250 /* PlanStatus.swift */; };
		4CCBBD2327DE687B00F9C250 /* Comment.swift in Sources */ = {isa = PBXBuildFile; fileRef = 4CCBBD2227DE687A00F9C250 /* Comment.swift */; };
		95CB3F7127D8E79C0086E9E3 /* TripCard.swift in Sources */ = {isa = PBXBuildFile; fileRef = 95CB3F6727D8E79A0086E9E3 /* TripCard.swift */; };
		95CB3F7227D8E79C0086E9E3 /* MockModel.swift in Sources */ = {isa = PBXBuildFile; fileRef = 95CB3F6827D8E79A0086E9E3 /* MockModel.swift */; };
		95CB3F7427D8E79C0086E9E3 /* PlanHeaderView.swift in Sources */ = {isa = PBXBuildFile; fileRef = 95CB3F6A27D8E79B0086E9E3 /* PlanHeaderView.swift */; };
		95CB3F7527D8E79C0086E9E3 /* PlanView.swift in Sources */ = {isa = PBXBuildFile; fileRef = 95CB3F6B27D8E79B0086E9E3 /* PlanView.swift */; };
		95CB3F7627D8E79C0086E9E3 /* PlanCardView.swift in Sources */ = {isa = PBXBuildFile; fileRef = 95CB3F6C27D8E79B0086E9E3 /* PlanCardView.swift */; };
		95CB3F7727D8E79C0086E9E3 /* PlansListView.swift in Sources */ = {isa = PBXBuildFile; fileRef = 95CB3F6D27D8E79B0086E9E3 /* PlansListView.swift */; };
		95CB3F7927D8E79C0086E9E3 /* TripsView.swift in Sources */ = {isa = PBXBuildFile; fileRef = 95CB3F6F27D8E79C0086E9E3 /* TripsView.swift */; };
		95CB3F7A27D8E79C0086E9E3 /* TripView.swift in Sources */ = {isa = PBXBuildFile; fileRef = 95CB3F7027D8E79C0086E9E3 /* TripView.swift */; };
		95FAE40927E2447400F4AB01 /* TripsViewModel.swift in Sources */ = {isa = PBXBuildFile; fileRef = 95FAE40827E2447400F4AB01 /* TripsViewModel.swift */; };
		95FAE40B27E245D200F4AB01 /* MockTripController.swift in Sources */ = {isa = PBXBuildFile; fileRef = 95FAE40A27E245D200F4AB01 /* MockTripController.swift */; };
		95FAE40D27E247F800F4AB01 /* TripController.swift in Sources */ = {isa = PBXBuildFile; fileRef = 95FAE40C27E247F800F4AB01 /* TripController.swift */; };
		98749CC17E54B0DD3FD6544B /* Pods_TourMate_TourMateUITests.framework in Frameworks */ = {isa = PBXBuildFile; fileRef = BD63D8C41A3F39F61F6D6095 /* Pods_TourMate_TourMateUITests.framework */; };
		B93B489027DA7D4F00478B7B /* FirebaseAdaptedTrip.swift in Sources */ = {isa = PBXBuildFile; fileRef = B93B488F27DA7D4F00478B7B /* FirebaseAdaptedTrip.swift */; };
		B93B489427DA87A300478B7B /* FirebaseAdaptedPlan.swift in Sources */ = {isa = PBXBuildFile; fileRef = B93B489327DA87A300478B7B /* FirebaseAdaptedPlan.swift */; };
		B93B489627DA895400478B7B /* FirebaseAdaptedAccommodation.swift in Sources */ = {isa = PBXBuildFile; fileRef = B93B489527DA895400478B7B /* FirebaseAdaptedAccommodation.swift */; };
		B93B489A27DAEC5000478B7B /* FirebaseAdaptedActivity.swift in Sources */ = {isa = PBXBuildFile; fileRef = B93B489927DAEC5000478B7B /* FirebaseAdaptedActivity.swift */; };
		B93B489C27DAEDD800478B7B /* FirebaseAdaptedRestaurant.swift in Sources */ = {isa = PBXBuildFile; fileRef = B93B489B27DAEDD700478B7B /* FirebaseAdaptedRestaurant.swift */; };
		B93B489E27DAEE7400478B7B /* FirebaseAdaptedTransport.swift in Sources */ = {isa = PBXBuildFile; fileRef = B93B489D27DAEE7300478B7B /* FirebaseAdaptedTransport.swift */; };
		B93B48A027DAEEF600478B7B /* FirebaseAdaptedFlight.swift in Sources */ = {isa = PBXBuildFile; fileRef = B93B489F27DAEEF600478B7B /* FirebaseAdaptedFlight.swift */; };
		B967C33327DDB7B20023B34D /* AddTripView.swift in Sources */ = {isa = PBXBuildFile; fileRef = B967C33227DDB7B20023B34D /* AddTripView.swift */; };
		B967C33527DDCA4E0023B34D /* AddPlanView.swift in Sources */ = {isa = PBXBuildFile; fileRef = B967C33427DDCA4D0023B34D /* AddPlanView.swift */; };
		B967C33827DDCF7A0023B34D /* AccommodationFormView.swift in Sources */ = {isa = PBXBuildFile; fileRef = B967C33727DDCF7A0023B34D /* AccommodationFormView.swift */; };
		B967C33A27DDD71C0023B34D /* ActivityFormView.swift in Sources */ = {isa = PBXBuildFile; fileRef = B967C33927DDD71B0023B34D /* ActivityFormView.swift */; };
		B967C33C27DDE3C20023B34D /* RestaurantFormView.swift in Sources */ = {isa = PBXBuildFile; fileRef = B967C33B27DDE3C10023B34D /* RestaurantFormView.swift */; };
		B967C33E27DDE9BD0023B34D /* TransportFormView.swift in Sources */ = {isa = PBXBuildFile; fileRef = B967C33D27DDE9BC0023B34D /* TransportFormView.swift */; };
		B967C34027DDEC7A0023B34D /* FlightFormView.swift in Sources */ = {isa = PBXBuildFile; fileRef = B967C33F27DDEC7A0023B34D /* FlightFormView.swift */; };
		B99D964927D73503009B66AE /* TourMateApp.swift in Sources */ = {isa = PBXBuildFile; fileRef = B99D964827D73503009B66AE /* TourMateApp.swift */; };
		B99D964B27D73503009B66AE /* ContentView.swift in Sources */ = {isa = PBXBuildFile; fileRef = B99D964A27D73503009B66AE /* ContentView.swift */; };
		B99D964D27D73507009B66AE /* Assets.xcassets in Resources */ = {isa = PBXBuildFile; fileRef = B99D964C27D73507009B66AE /* Assets.xcassets */; };
		B99D965027D73507009B66AE /* Preview Assets.xcassets in Resources */ = {isa = PBXBuildFile; fileRef = B99D964F27D73507009B66AE /* Preview Assets.xcassets */; };
		B99D965A27D73508009B66AE /* TourMateTests.swift in Sources */ = {isa = PBXBuildFile; fileRef = B99D965927D73508009B66AE /* TourMateTests.swift */; };
		B99D966427D73508009B66AE /* TourMateUITests.swift in Sources */ = {isa = PBXBuildFile; fileRef = B99D966327D73508009B66AE /* TourMateUITests.swift */; };
		B99D966627D73508009B66AE /* TourMateUITestsLaunchTests.swift in Sources */ = {isa = PBXBuildFile; fileRef = B99D966527D73508009B66AE /* TourMateUITestsLaunchTests.swift */; };
		B99D967A27D9C43B009B66AE /* Model.swift in Sources */ = {isa = PBXBuildFile; fileRef = B99D967927D9C43B009B66AE /* Model.swift */; };
		B99D967E27D9D82C009B66AE /* Plan.swift in Sources */ = {isa = PBXBuildFile; fileRef = B99D967D27D9D82C009B66AE /* Plan.swift */; };
		B99D968027D9DF0B009B66AE /* Accommodation.swift in Sources */ = {isa = PBXBuildFile; fileRef = B99D967F27D9DF0B009B66AE /* Accommodation.swift */; };
		B99D968227D9DF30009B66AE /* Activity.swift in Sources */ = {isa = PBXBuildFile; fileRef = B99D968127D9DF30009B66AE /* Activity.swift */; };
		B99D968427D9DF5E009B66AE /* Restaurant.swift in Sources */ = {isa = PBXBuildFile; fileRef = B99D968327D9DF5E009B66AE /* Restaurant.swift */; };
		B99D968627D9DF70009B66AE /* Transport.swift in Sources */ = {isa = PBXBuildFile; fileRef = B99D968527D9DF70009B66AE /* Transport.swift */; };
		B99D968827D9DF80009B66AE /* Flight.swift in Sources */ = {isa = PBXBuildFile; fileRef = B99D968727D9DF80009B66AE /* Flight.swift */; };
/* End PBXBuildFile section */

/* Begin PBXContainerItemProxy section */
		B99D965627D73508009B66AE /* PBXContainerItemProxy */ = {
			isa = PBXContainerItemProxy;
			containerPortal = B99D963D27D73503009B66AE /* Project object */;
			proxyType = 1;
			remoteGlobalIDString = B99D964427D73503009B66AE;
			remoteInfo = TourMate;
		};
		B99D966027D73508009B66AE /* PBXContainerItemProxy */ = {
			isa = PBXContainerItemProxy;
			containerPortal = B99D963D27D73503009B66AE /* Project object */;
			proxyType = 1;
			remoteGlobalIDString = B99D964427D73503009B66AE;
			remoteInfo = TourMate;
		};
/* End PBXContainerItemProxy section */

/* Begin PBXFileReference section */
		0092522F27DA573500F4F029 /* TourMateTitleView.swift */ = {isa = PBXFileReference; fileEncoding = 4; lastKnownFileType = sourcecode.swift; path = TourMateTitleView.swift; sourceTree = "<group>"; };
		0092523127DA573500F4F029 /* LaunchView.swift */ = {isa = PBXFileReference; fileEncoding = 4; lastKnownFileType = sourcecode.swift; path = LaunchView.swift; sourceTree = "<group>"; };
		0092523427DA573500F4F029 /* InputSecureField.swift */ = {isa = PBXFileReference; fileEncoding = 4; lastKnownFileType = sourcecode.swift; path = InputSecureField.swift; sourceTree = "<group>"; };
		0092523527DA573500F4F029 /* InputTextField.swift */ = {isa = PBXFileReference; fileEncoding = 4; lastKnownFileType = sourcecode.swift; path = InputTextField.swift; sourceTree = "<group>"; };
		0092523D27DA574800F4F029 /* AuthenticationController.swift */ = {isa = PBXFileReference; fileEncoding = 4; lastKnownFileType = sourcecode.swift; path = AuthenticationController.swift; sourceTree = "<group>"; };
		00F83BB727DC46E4003A28AA /* AuthPageSubmitButton.swift */ = {isa = PBXFileReference; lastKnownFileType = sourcecode.swift; path = AuthPageSubmitButton.swift; sourceTree = "<group>"; };
		00F83BBF27DC528F003A28AA /* FirebaseAuthenticationManager.swift */ = {isa = PBXFileReference; lastKnownFileType = sourcecode.swift; path = FirebaseAuthenticationManager.swift; sourceTree = "<group>"; };
		00F83BC127DC5296003A28AA /* AuthenticationManager.swift */ = {isa = PBXFileReference; lastKnownFileType = sourcecode.swift; path = AuthenticationManager.swift; sourceTree = "<group>"; };
		00F83BC627DC62BF003A28AA /* LogOutView.swift */ = {isa = PBXFileReference; lastKnownFileType = sourcecode.swift; path = LogOutView.swift; sourceTree = "<group>"; };
		00F83BC827DC777C003A28AA /* LogInTitleView.swift */ = {isa = PBXFileReference; lastKnownFileType = sourcecode.swift; path = LogInTitleView.swift; sourceTree = "<group>"; };
		00F83BCC27DC7F3C003A28AA /* HomeNavigationView.swift */ = {isa = PBXFileReference; lastKnownFileType = sourcecode.swift; path = HomeNavigationView.swift; sourceTree = "<group>"; };
		00F83BCF27DC81B3003A28AA /* AuthPageStatusDisplay.swift */ = {isa = PBXFileReference; lastKnownFileType = sourcecode.swift; path = AuthPageStatusDisplay.swift; sourceTree = "<group>"; };
		00F83BD427DC8607003A28AA /* AuthPageRegister.swift */ = {isa = PBXFileReference; lastKnownFileType = sourcecode.swift; path = AuthPageRegister.swift; sourceTree = "<group>"; };
		00F83BD627DC893E003A28AA /* AuthPageLogIn.swift */ = {isa = PBXFileReference; lastKnownFileType = sourcecode.swift; path = AuthPageLogIn.swift; sourceTree = "<group>"; };
		00F83BDA27DC8D34003A28AA /* AuthenticationView.swift */ = {isa = PBXFileReference; lastKnownFileType = sourcecode.swift; path = AuthenticationView.swift; sourceTree = "<group>"; };
		00F83BDC27DC8D5A003A28AA /* AuthenticationType.swift */ = {isa = PBXFileReference; lastKnownFileType = sourcecode.swift; path = AuthenticationType.swift; sourceTree = "<group>"; };
		02A86F1890351A432B17B67E /* Pods-TourMateTests.release.xcconfig */ = {isa = PBXFileReference; includeInIndex = 1; lastKnownFileType = text.xcconfig; name = "Pods-TourMateTests.release.xcconfig"; path = "Target Support Files/Pods-TourMateTests/Pods-TourMateTests.release.xcconfig"; sourceTree = "<group>"; };
		1DBB3372EFB870D2316CAA4E /* Pods-TourMate.release.xcconfig */ = {isa = PBXFileReference; includeInIndex = 1; lastKnownFileType = text.xcconfig; name = "Pods-TourMate.release.xcconfig"; path = "Target Support Files/Pods-TourMate/Pods-TourMate.release.xcconfig"; sourceTree = "<group>"; };
		4C4299B627E0E8B6001FD45B /* PlanType.swift */ = {isa = PBXFileReference; lastKnownFileType = sourcecode.swift; path = PlanType.swift; sourceTree = "<group>"; };
		4C4539B527DE456800AB8384 /* FirebaseTripController.swift */ = {isa = PBXFileReference; lastKnownFileType = sourcecode.swift; path = FirebaseTripController.swift; sourceTree = "<group>"; };
		4C86399F27DF32FE000566FB /* FirebasePlanType.swift */ = {isa = PBXFileReference; lastKnownFileType = sourcecode.swift; path = FirebasePlanType.swift; sourceTree = "<group>"; };
		4C8639A227DF37DA000566FB /* Constants.swift */ = {isa = PBXFileReference; lastKnownFileType = sourcecode.swift; path = Constants.swift; sourceTree = "<group>"; };
		4CB954D127DDE039001410AD /* FirebaseConfig.swift */ = {isa = PBXFileReference; lastKnownFileType = sourcecode.swift; path = FirebaseConfig.swift; sourceTree = "<group>"; };
		4CB954D927DDF499001410AD /* FirebaseAdaptedUser.swift */ = {isa = PBXFileReference; lastKnownFileType = sourcecode.swift; path = FirebaseAdaptedUser.swift; sourceTree = "<group>"; };
		4CB954DB27DDFAA8001410AD /* FirebasePersistenceManager.swift */ = {isa = PBXFileReference; lastKnownFileType = sourcecode.swift; path = FirebasePersistenceManager.swift; sourceTree = "<group>"; };
		4CB954DD27DDFDB2001410AD /* PersistenceManager.swift */ = {isa = PBXFileReference; lastKnownFileType = sourcecode.swift; path = PersistenceManager.swift; sourceTree = "<group>"; };
		4CB954DF27DDFFC7001410AD /* User.swift */ = {isa = PBXFileReference; lastKnownFileType = sourcecode.swift; path = User.swift; sourceTree = "<group>"; };
		4CB954E527DE0066001410AD /* UserPersistenceController.swift */ = {isa = PBXFileReference; lastKnownFileType = sourcecode.swift; path = UserPersistenceController.swift; sourceTree = "<group>"; };
		4CB954E727DE1711001410AD /* GoogleService-Info.plist */ = {isa = PBXFileReference; fileEncoding = 4; lastKnownFileType = text.plist.xml; path = "GoogleService-Info.plist"; sourceTree = "<group>"; };
		4CB954E927DE3EBC001410AD /* AnyFirebaseAdaptedData.swift */ = {isa = PBXFileReference; lastKnownFileType = sourcecode.swift; path = AnyFirebaseAdaptedData.swift; sourceTree = "<group>"; };
		4CB954EB27DE3F08001410AD /* FirebaseAdaptedType.swift */ = {isa = PBXFileReference; lastKnownFileType = sourcecode.swift; path = FirebaseAdaptedType.swift; sourceTree = "<group>"; };
		4CB954ED27DE3FE1001410AD /* FirebaseAdaptedData.swift */ = {isa = PBXFileReference; lastKnownFileType = sourcecode.swift; path = FirebaseAdaptedData.swift; sourceTree = "<group>"; };
		4CCBBD1827DE626800F9C250 /* Trip.swift */ = {isa = PBXFileReference; lastKnownFileType = sourcecode.swift; path = Trip.swift; sourceTree = "<group>"; };
		4CCBBD1A27DE651F00F9C250 /* PlanPersistenceController.swift */ = {isa = PBXFileReference; lastKnownFileType = sourcecode.swift; path = PlanPersistenceController.swift; sourceTree = "<group>"; };
		4CCBBD1E27DE67B400F9C250 /* PlanStatus.swift */ = {isa = PBXFileReference; lastKnownFileType = sourcecode.swift; path = PlanStatus.swift; sourceTree = "<group>"; };
		4CCBBD2227DE687A00F9C250 /* Comment.swift */ = {isa = PBXFileReference; lastKnownFileType = sourcecode.swift; path = Comment.swift; sourceTree = "<group>"; };
		720CE2DA18816A7C56653A32 /* Pods_TourMate.framework */ = {isa = PBXFileReference; explicitFileType = wrapper.framework; includeInIndex = 0; path = Pods_TourMate.framework; sourceTree = BUILT_PRODUCTS_DIR; };
		8F0AD6F3D818D6A89B4B41BF /* Pods-TourMate-TourMateUITests.release.xcconfig */ = {isa = PBXFileReference; includeInIndex = 1; lastKnownFileType = text.xcconfig; name = "Pods-TourMate-TourMateUITests.release.xcconfig"; path = "Target Support Files/Pods-TourMate-TourMateUITests/Pods-TourMate-TourMateUITests.release.xcconfig"; sourceTree = "<group>"; };
		95CB3F6727D8E79A0086E9E3 /* TripCard.swift */ = {isa = PBXFileReference; fileEncoding = 4; lastKnownFileType = sourcecode.swift; path = TripCard.swift; sourceTree = "<group>"; };
		95CB3F6827D8E79A0086E9E3 /* MockModel.swift */ = {isa = PBXFileReference; fileEncoding = 4; lastKnownFileType = sourcecode.swift; path = MockModel.swift; sourceTree = "<group>"; };
		95CB3F6A27D8E79B0086E9E3 /* PlanHeaderView.swift */ = {isa = PBXFileReference; fileEncoding = 4; lastKnownFileType = sourcecode.swift; path = PlanHeaderView.swift; sourceTree = "<group>"; };
		95CB3F6B27D8E79B0086E9E3 /* PlanView.swift */ = {isa = PBXFileReference; fileEncoding = 4; lastKnownFileType = sourcecode.swift; path = PlanView.swift; sourceTree = "<group>"; };
		95CB3F6C27D8E79B0086E9E3 /* PlanCardView.swift */ = {isa = PBXFileReference; fileEncoding = 4; lastKnownFileType = sourcecode.swift; path = PlanCardView.swift; sourceTree = "<group>"; };
		95CB3F6D27D8E79B0086E9E3 /* PlansListView.swift */ = {isa = PBXFileReference; fileEncoding = 4; lastKnownFileType = sourcecode.swift; path = PlansListView.swift; sourceTree = "<group>"; };
		95CB3F6F27D8E79C0086E9E3 /* TripsView.swift */ = {isa = PBXFileReference; fileEncoding = 4; lastKnownFileType = sourcecode.swift; path = TripsView.swift; sourceTree = "<group>"; };
		95CB3F7027D8E79C0086E9E3 /* TripView.swift */ = {isa = PBXFileReference; fileEncoding = 4; lastKnownFileType = sourcecode.swift; path = TripView.swift; sourceTree = "<group>"; };
		95FAE40827E2447400F4AB01 /* TripsViewModel.swift */ = {isa = PBXFileReference; lastKnownFileType = sourcecode.swift; path = TripsViewModel.swift; sourceTree = "<group>"; };
		95FAE40A27E245D200F4AB01 /* MockTripController.swift */ = {isa = PBXFileReference; lastKnownFileType = sourcecode.swift; path = MockTripController.swift; sourceTree = "<group>"; };
		95FAE40C27E247F800F4AB01 /* TripController.swift */ = {isa = PBXFileReference; lastKnownFileType = sourcecode.swift; path = TripController.swift; sourceTree = "<group>"; };
		AB85743BC6986C526A7FF232 /* Pods_TourMateTests.framework */ = {isa = PBXFileReference; explicitFileType = wrapper.framework; includeInIndex = 0; path = Pods_TourMateTests.framework; sourceTree = BUILT_PRODUCTS_DIR; };
		B93B488F27DA7D4F00478B7B /* FirebaseAdaptedTrip.swift */ = {isa = PBXFileReference; lastKnownFileType = sourcecode.swift; path = FirebaseAdaptedTrip.swift; sourceTree = "<group>"; };
		B93B489327DA87A300478B7B /* FirebaseAdaptedPlan.swift */ = {isa = PBXFileReference; lastKnownFileType = sourcecode.swift; path = FirebaseAdaptedPlan.swift; sourceTree = "<group>"; };
		B93B489527DA895400478B7B /* FirebaseAdaptedAccommodation.swift */ = {isa = PBXFileReference; lastKnownFileType = sourcecode.swift; path = FirebaseAdaptedAccommodation.swift; sourceTree = "<group>"; };
		B93B489927DAEC5000478B7B /* FirebaseAdaptedActivity.swift */ = {isa = PBXFileReference; lastKnownFileType = sourcecode.swift; path = FirebaseAdaptedActivity.swift; sourceTree = "<group>"; };
		B93B489B27DAEDD700478B7B /* FirebaseAdaptedRestaurant.swift */ = {isa = PBXFileReference; lastKnownFileType = sourcecode.swift; path = FirebaseAdaptedRestaurant.swift; sourceTree = "<group>"; };
		B93B489D27DAEE7300478B7B /* FirebaseAdaptedTransport.swift */ = {isa = PBXFileReference; lastKnownFileType = sourcecode.swift; path = FirebaseAdaptedTransport.swift; sourceTree = "<group>"; };
		B93B489F27DAEEF600478B7B /* FirebaseAdaptedFlight.swift */ = {isa = PBXFileReference; lastKnownFileType = sourcecode.swift; path = FirebaseAdaptedFlight.swift; sourceTree = "<group>"; };
		B967C33227DDB7B20023B34D /* AddTripView.swift */ = {isa = PBXFileReference; lastKnownFileType = sourcecode.swift; path = AddTripView.swift; sourceTree = "<group>"; };
		B967C33427DDCA4D0023B34D /* AddPlanView.swift */ = {isa = PBXFileReference; lastKnownFileType = sourcecode.swift; path = AddPlanView.swift; sourceTree = "<group>"; };
		B967C33727DDCF7A0023B34D /* AccommodationFormView.swift */ = {isa = PBXFileReference; lastKnownFileType = sourcecode.swift; path = AccommodationFormView.swift; sourceTree = "<group>"; };
		B967C33927DDD71B0023B34D /* ActivityFormView.swift */ = {isa = PBXFileReference; lastKnownFileType = sourcecode.swift; path = ActivityFormView.swift; sourceTree = "<group>"; };
		B967C33B27DDE3C10023B34D /* RestaurantFormView.swift */ = {isa = PBXFileReference; lastKnownFileType = sourcecode.swift; path = RestaurantFormView.swift; sourceTree = "<group>"; };
		B967C33D27DDE9BC0023B34D /* TransportFormView.swift */ = {isa = PBXFileReference; lastKnownFileType = sourcecode.swift; path = TransportFormView.swift; sourceTree = "<group>"; };
		B967C33F27DDEC7A0023B34D /* FlightFormView.swift */ = {isa = PBXFileReference; lastKnownFileType = sourcecode.swift; path = FlightFormView.swift; sourceTree = "<group>"; };
		B99D964527D73503009B66AE /* TourMate.app */ = {isa = PBXFileReference; explicitFileType = wrapper.application; includeInIndex = 0; path = TourMate.app; sourceTree = BUILT_PRODUCTS_DIR; };
		B99D964827D73503009B66AE /* TourMateApp.swift */ = {isa = PBXFileReference; lastKnownFileType = sourcecode.swift; path = TourMateApp.swift; sourceTree = "<group>"; };
		B99D964A27D73503009B66AE /* ContentView.swift */ = {isa = PBXFileReference; lastKnownFileType = sourcecode.swift; path = ContentView.swift; sourceTree = "<group>"; };
		B99D964C27D73507009B66AE /* Assets.xcassets */ = {isa = PBXFileReference; lastKnownFileType = folder.assetcatalog; path = Assets.xcassets; sourceTree = "<group>"; };
		B99D964F27D73507009B66AE /* Preview Assets.xcassets */ = {isa = PBXFileReference; lastKnownFileType = folder.assetcatalog; path = "Preview Assets.xcassets"; sourceTree = "<group>"; };
		B99D965527D73508009B66AE /* TourMateTests.xctest */ = {isa = PBXFileReference; explicitFileType = wrapper.cfbundle; includeInIndex = 0; path = TourMateTests.xctest; sourceTree = BUILT_PRODUCTS_DIR; };
		B99D965927D73508009B66AE /* TourMateTests.swift */ = {isa = PBXFileReference; lastKnownFileType = sourcecode.swift; path = TourMateTests.swift; sourceTree = "<group>"; };
		B99D965F27D73508009B66AE /* TourMateUITests.xctest */ = {isa = PBXFileReference; explicitFileType = wrapper.cfbundle; includeInIndex = 0; path = TourMateUITests.xctest; sourceTree = BUILT_PRODUCTS_DIR; };
		B99D966327D73508009B66AE /* TourMateUITests.swift */ = {isa = PBXFileReference; lastKnownFileType = sourcecode.swift; path = TourMateUITests.swift; sourceTree = "<group>"; };
		B99D966527D73508009B66AE /* TourMateUITestsLaunchTests.swift */ = {isa = PBXFileReference; lastKnownFileType = sourcecode.swift; path = TourMateUITestsLaunchTests.swift; sourceTree = "<group>"; };
		B99D967927D9C43B009B66AE /* Model.swift */ = {isa = PBXFileReference; lastKnownFileType = sourcecode.swift; path = Model.swift; sourceTree = "<group>"; };
		B99D967D27D9D82C009B66AE /* Plan.swift */ = {isa = PBXFileReference; lastKnownFileType = sourcecode.swift; path = Plan.swift; sourceTree = "<group>"; };
		B99D967F27D9DF0B009B66AE /* Accommodation.swift */ = {isa = PBXFileReference; lastKnownFileType = sourcecode.swift; path = Accommodation.swift; sourceTree = "<group>"; };
		B99D968127D9DF30009B66AE /* Activity.swift */ = {isa = PBXFileReference; lastKnownFileType = sourcecode.swift; path = Activity.swift; sourceTree = "<group>"; };
		B99D968327D9DF5E009B66AE /* Restaurant.swift */ = {isa = PBXFileReference; lastKnownFileType = sourcecode.swift; path = Restaurant.swift; sourceTree = "<group>"; };
		B99D968527D9DF70009B66AE /* Transport.swift */ = {isa = PBXFileReference; lastKnownFileType = sourcecode.swift; path = Transport.swift; sourceTree = "<group>"; };
		B99D968727D9DF80009B66AE /* Flight.swift */ = {isa = PBXFileReference; lastKnownFileType = sourcecode.swift; path = Flight.swift; sourceTree = "<group>"; };
		BB95BCAE2E240926ED846BB1 /* Pods-TourMateTests.debug.xcconfig */ = {isa = PBXFileReference; includeInIndex = 1; lastKnownFileType = text.xcconfig; name = "Pods-TourMateTests.debug.xcconfig"; path = "Target Support Files/Pods-TourMateTests/Pods-TourMateTests.debug.xcconfig"; sourceTree = "<group>"; };
		BD63D8C41A3F39F61F6D6095 /* Pods_TourMate_TourMateUITests.framework */ = {isa = PBXFileReference; explicitFileType = wrapper.framework; includeInIndex = 0; path = Pods_TourMate_TourMateUITests.framework; sourceTree = BUILT_PRODUCTS_DIR; };
		CD5431EEBB0D43FA279D8E8A /* Pods-TourMate-TourMateUITests.debug.xcconfig */ = {isa = PBXFileReference; includeInIndex = 1; lastKnownFileType = text.xcconfig; name = "Pods-TourMate-TourMateUITests.debug.xcconfig"; path = "Target Support Files/Pods-TourMate-TourMateUITests/Pods-TourMate-TourMateUITests.debug.xcconfig"; sourceTree = "<group>"; };
		FB5F528176089FDEB5E4EC7D /* Pods-TourMate.debug.xcconfig */ = {isa = PBXFileReference; includeInIndex = 1; lastKnownFileType = text.xcconfig; name = "Pods-TourMate.debug.xcconfig"; path = "Target Support Files/Pods-TourMate/Pods-TourMate.debug.xcconfig"; sourceTree = "<group>"; };
/* End PBXFileReference section */

/* Begin PBXFrameworksBuildPhase section */
		B99D964227D73503009B66AE /* Frameworks */ = {
			isa = PBXFrameworksBuildPhase;
			buildActionMask = 2147483647;
			files = (
				43CA47F6D2378990F041943C /* Pods_TourMate.framework in Frameworks */,
			);
			runOnlyForDeploymentPostprocessing = 0;
		};
		B99D965227D73508009B66AE /* Frameworks */ = {
			isa = PBXFrameworksBuildPhase;
			buildActionMask = 2147483647;
			files = (
				194E6318F1A4F53AD0673038 /* Pods_TourMateTests.framework in Frameworks */,
			);
			runOnlyForDeploymentPostprocessing = 0;
		};
		B99D965C27D73508009B66AE /* Frameworks */ = {
			isa = PBXFrameworksBuildPhase;
			buildActionMask = 2147483647;
			files = (
				98749CC17E54B0DD3FD6544B /* Pods_TourMate_TourMateUITests.framework in Frameworks */,
			);
			runOnlyForDeploymentPostprocessing = 0;
		};
/* End PBXFrameworksBuildPhase section */

/* Begin PBXGroup section */
		0092522E27DA573500F4F029 /* AuthenticationViews */ = {
			isa = PBXGroup;
			children = (
				00F83BCE27DC7FC1003A28AA /* Launch */,
				00F83BB927DC4AB4003A28AA /* AuthPageViews */,
				00F83BC627DC62BF003A28AA /* LogOutView.swift */,
				0092523327DA573500F4F029 /* TextViews */,
			);
			name = AuthenticationViews;
			path = TourMate/AuthenticationViews;
			sourceTree = SOURCE_ROOT;
		};
		0092523327DA573500F4F029 /* TextViews */ = {
			isa = PBXGroup;
			children = (
				0092523427DA573500F4F029 /* InputSecureField.swift */,
				0092523527DA573500F4F029 /* InputTextField.swift */,
			);
			path = TextViews;
			sourceTree = "<group>";
		};
		0092523C27DA574800F4F029 /* Controllers */ = {
			isa = PBXGroup;
			children = (
				4CB954E527DE0066001410AD /* UserPersistenceController.swift */,
				0092523D27DA574800F4F029 /* AuthenticationController.swift */,
				95FAE40C27E247F800F4AB01 /* TripController.swift */,
				4C4539B527DE456800AB8384 /* FirebaseTripController.swift */,
				95FAE40A27E245D200F4AB01 /* MockTripController.swift */,
				4CCBBD1A27DE651F00F9C250 /* PlanPersistenceController.swift */,
			);
			path = Controllers;
			sourceTree = "<group>";
		};
		00F83BB927DC4AB4003A28AA /* AuthPageViews */ = {
			isa = PBXGroup;
			children = (
				00F83BDA27DC8D34003A28AA /* AuthenticationView.swift */,
				00F83BDC27DC8D5A003A28AA /* AuthenticationType.swift */,
				00F83BE227DC90B5003A28AA /* Components */,
			);
			path = AuthPageViews;
			sourceTree = "<group>";
		};
		00F83BBA27DC4F2E003A28AA /* AuthenticationManager */ = {
			isa = PBXGroup;
			children = (
				00F83BBF27DC528F003A28AA /* FirebaseAuthenticationManager.swift */,
				00F83BC127DC5296003A28AA /* AuthenticationManager.swift */,
			);
			path = AuthenticationManager;
			sourceTree = "<group>";
		};
		00F83BCE27DC7FC1003A28AA /* Launch */ = {
			isa = PBXGroup;
			children = (
				0092523127DA573500F4F029 /* LaunchView.swift */,
				0092522F27DA573500F4F029 /* TourMateTitleView.swift */,
				00F83BC827DC777C003A28AA /* LogInTitleView.swift */,
			);
			path = Launch;
			sourceTree = "<group>";
		};
		00F83BE227DC90B5003A28AA /* Components */ = {
			isa = PBXGroup;
			children = (
				00F83BD627DC893E003A28AA /* AuthPageLogIn.swift */,
				00F83BD427DC8607003A28AA /* AuthPageRegister.swift */,
				00F83BB727DC46E4003A28AA /* AuthPageSubmitButton.swift */,
				00F83BCF27DC81B3003A28AA /* AuthPageStatusDisplay.swift */,
				00F83BCC27DC7F3C003A28AA /* HomeNavigationView.swift */,
			);
			path = Components;
			sourceTree = "<group>";
		};
		06B0DB20F39120EB04B061FB /* Pods */ = {
			isa = PBXGroup;
			children = (
				FB5F528176089FDEB5E4EC7D /* Pods-TourMate.debug.xcconfig */,
				1DBB3372EFB870D2316CAA4E /* Pods-TourMate.release.xcconfig */,
				CD5431EEBB0D43FA279D8E8A /* Pods-TourMate-TourMateUITests.debug.xcconfig */,
				8F0AD6F3D818D6A89B4B41BF /* Pods-TourMate-TourMateUITests.release.xcconfig */,
				BB95BCAE2E240926ED846BB1 /* Pods-TourMateTests.debug.xcconfig */,
				02A86F1890351A432B17B67E /* Pods-TourMateTests.release.xcconfig */,
			);
			path = Pods;
			sourceTree = "<group>";
		};
		4C8639A127DF37D3000566FB /* Constants */ = {
			isa = PBXGroup;
			children = (
				4C8639A227DF37DA000566FB /* Constants.swift */,
			);
			path = Constants;
			sourceTree = "<group>";
		};
		4C8639A627DF3F13000566FB /* DomainModels */ = {
			isa = PBXGroup;
			children = (
				4CB954DF27DDFFC7001410AD /* User.swift */,
				B99D967927D9C43B009B66AE /* Model.swift */,
				95CB3F6827D8E79A0086E9E3 /* MockModel.swift */,
				4CCBBD1827DE626800F9C250 /* Trip.swift */,
				B99D967D27D9D82C009B66AE /* Plan.swift */,
				B99D967F27D9DF0B009B66AE /* Accommodation.swift */,
				B99D968127D9DF30009B66AE /* Activity.swift */,
				B99D968327D9DF5E009B66AE /* Restaurant.swift */,
				B99D968527D9DF70009B66AE /* Transport.swift */,
				B99D968727D9DF80009B66AE /* Flight.swift */,
				4CCBBD1E27DE67B400F9C250 /* PlanStatus.swift */,
				4CCBBD2227DE687A00F9C250 /* Comment.swift */,
				4C4299B627E0E8B6001FD45B /* PlanType.swift */,
			);
			path = DomainModels;
			sourceTree = "<group>";
		};
		4CB954CA27DDC06C001410AD /* PersistenceManager */ = {
			isa = PBXGroup;
			children = (
				4CB954DB27DDFAA8001410AD /* FirebasePersistenceManager.swift */,
				4CB954D127DDE039001410AD /* FirebaseConfig.swift */,
				4CB954DD27DDFDB2001410AD /* PersistenceManager.swift */,
			);
			path = PersistenceManager;
			sourceTree = "<group>";
		};
		9538546027E449CC00AFDED8 /* Trips */ = {
			isa = PBXGroup;
			children = (
				95FAE40827E2447400F4AB01 /* TripsViewModel.swift */,
				95CB3F6F27D8E79C0086E9E3 /* TripsView.swift */,
				95CB3F6727D8E79A0086E9E3 /* TripCard.swift */,
			);
			path = Trips;
			sourceTree = "<group>";
		};
		9538546127E449E500AFDED8 /* AddTrip */ = {
			isa = PBXGroup;
			children = (
				B967C33227DDB7B20023B34D /* AddTripView.swift */,
			);
			path = AddTrip;
			sourceTree = "<group>";
		};
		B93B488E27DA7D4000478B7B /* DataModels */ = {
			isa = PBXGroup;
			children = (
				B93B488F27DA7D4F00478B7B /* FirebaseAdaptedTrip.swift */,
				B93B489327DA87A300478B7B /* FirebaseAdaptedPlan.swift */,
				B93B489527DA895400478B7B /* FirebaseAdaptedAccommodation.swift */,
				B93B489927DAEC5000478B7B /* FirebaseAdaptedActivity.swift */,
				B93B489B27DAEDD700478B7B /* FirebaseAdaptedRestaurant.swift */,
				B93B489D27DAEE7300478B7B /* FirebaseAdaptedTransport.swift */,
				B93B489F27DAEEF600478B7B /* FirebaseAdaptedFlight.swift */,
				4CB954D927DDF499001410AD /* FirebaseAdaptedUser.swift */,
				4CB954E927DE3EBC001410AD /* AnyFirebaseAdaptedData.swift */,
				4CB954ED27DE3FE1001410AD /* FirebaseAdaptedData.swift */,
				4CB954EB27DE3F08001410AD /* FirebaseAdaptedType.swift */,
				4C86399F27DF32FE000566FB /* FirebasePlanType.swift */,
			);
			path = DataModels;
			sourceTree = "<group>";
		};
		B99D963C27D73503009B66AE = {
			isa = PBXGroup;
			children = (
				B99D964727D73503009B66AE /* TourMate */,
				B99D965827D73508009B66AE /* TourMateTests */,
				B99D966227D73508009B66AE /* TourMateUITests */,
				B99D964627D73503009B66AE /* Products */,
				06B0DB20F39120EB04B061FB /* Pods */,
				C2DB33638D74EE6BDC08DA21 /* Frameworks */,
			);
			sourceTree = "<group>";
		};
		B99D964627D73503009B66AE /* Products */ = {
			isa = PBXGroup;
			children = (
				B99D964527D73503009B66AE /* TourMate.app */,
				B99D965527D73508009B66AE /* TourMateTests.xctest */,
				B99D965F27D73508009B66AE /* TourMateUITests.xctest */,
			);
			name = Products;
			sourceTree = "<group>";
		};
		B99D964727D73503009B66AE /* TourMate */ = {
			isa = PBXGroup;
			children = (
				4C8639A127DF37D3000566FB /* Constants */,
				4CB954CA27DDC06C001410AD /* PersistenceManager */,
				00F83BBA27DC4F2E003A28AA /* AuthenticationManager */,
				0092523C27DA574800F4F029 /* Controllers */,
				0092522E27DA573500F4F029 /* AuthenticationViews */,
				B99D967827D9C3B2009B66AE /* Models */,
				B99D964827D73503009B66AE /* TourMateApp.swift */,
				B99D964A27D73503009B66AE /* ContentView.swift */,
				9538546027E449CC00AFDED8 /* Trips */,
				9538546127E449E500AFDED8 /* AddTrip */,
				95CB3F7027D8E79C0086E9E3 /* TripView.swift */,
				95CB3F6A27D8E79B0086E9E3 /* PlanHeaderView.swift */,
				95CB3F6C27D8E79B0086E9E3 /* PlanCardView.swift */,
				95CB3F6D27D8E79B0086E9E3 /* PlansListView.swift */,
				95CB3F6B27D8E79B0086E9E3 /* PlanView.swift */,
				B967C33427DDCA4D0023B34D /* AddPlanView.swift */,
				B967C33727DDCF7A0023B34D /* AccommodationFormView.swift */,
				B967C33927DDD71B0023B34D /* ActivityFormView.swift */,
				B967C33B27DDE3C10023B34D /* RestaurantFormView.swift */,
				B967C33D27DDE9BC0023B34D /* TransportFormView.swift */,
				B967C33F27DDEC7A0023B34D /* FlightFormView.swift */,
				4CB954E727DE1711001410AD /* GoogleService-Info.plist */,
				B99D964C27D73507009B66AE /* Assets.xcassets */,
				B99D964E27D73507009B66AE /* Preview Content */,
			);
			path = TourMate;
			sourceTree = "<group>";
		};
		B99D964E27D73507009B66AE /* Preview Content */ = {
			isa = PBXGroup;
			children = (
				B99D964F27D73507009B66AE /* Preview Assets.xcassets */,
			);
			path = "Preview Content";
			sourceTree = "<group>";
		};
		B99D965827D73508009B66AE /* TourMateTests */ = {
			isa = PBXGroup;
			children = (
				B99D965927D73508009B66AE /* TourMateTests.swift */,
			);
			path = TourMateTests;
			sourceTree = "<group>";
		};
		B99D966227D73508009B66AE /* TourMateUITests */ = {
			isa = PBXGroup;
			children = (
				B99D966327D73508009B66AE /* TourMateUITests.swift */,
				B99D966527D73508009B66AE /* TourMateUITestsLaunchTests.swift */,
			);
			path = TourMateUITests;
			sourceTree = "<group>";
		};
		B99D967827D9C3B2009B66AE /* Models */ = {
			isa = PBXGroup;
			children = (
				4C8639A627DF3F13000566FB /* DomainModels */,
				B93B488E27DA7D4000478B7B /* DataModels */,
			);
			path = Models;
			sourceTree = "<group>";
		};
		C2DB33638D74EE6BDC08DA21 /* Frameworks */ = {
			isa = PBXGroup;
			children = (
				720CE2DA18816A7C56653A32 /* Pods_TourMate.framework */,
				BD63D8C41A3F39F61F6D6095 /* Pods_TourMate_TourMateUITests.framework */,
				AB85743BC6986C526A7FF232 /* Pods_TourMateTests.framework */,
			);
			name = Frameworks;
			sourceTree = "<group>";
		};
/* End PBXGroup section */

/* Begin PBXNativeTarget section */
		B99D964427D73503009B66AE /* TourMate */ = {
			isa = PBXNativeTarget;
			buildConfigurationList = B99D966927D73508009B66AE /* Build configuration list for PBXNativeTarget "TourMate" */;
			buildPhases = (
				0D46DCDDF5BCBE35181D4692 /* [CP] Check Pods Manifest.lock */,
				B99D967227D73643009B66AE /* ShellScript */,
				B99D964127D73503009B66AE /* Sources */,
				B99D964227D73503009B66AE /* Frameworks */,
				B99D964327D73503009B66AE /* Resources */,
				4AFD7B378296A0205E403052 /* [CP] Embed Pods Frameworks */,
			);
			buildRules = (
			);
			dependencies = (
			);
			name = TourMate;
			productName = TourMate;
			productReference = B99D964527D73503009B66AE /* TourMate.app */;
			productType = "com.apple.product-type.application";
		};
		B99D965427D73508009B66AE /* TourMateTests */ = {
			isa = PBXNativeTarget;
			buildConfigurationList = B99D966C27D73508009B66AE /* Build configuration list for PBXNativeTarget "TourMateTests" */;
			buildPhases = (
				9140EC5B4F81AFF2FA618526 /* [CP] Check Pods Manifest.lock */,
				B99D965127D73508009B66AE /* Sources */,
				B99D965227D73508009B66AE /* Frameworks */,
				B99D965327D73508009B66AE /* Resources */,
			);
			buildRules = (
			);
			dependencies = (
				B99D965727D73508009B66AE /* PBXTargetDependency */,
			);
			name = TourMateTests;
			productName = TourMateTests;
			productReference = B99D965527D73508009B66AE /* TourMateTests.xctest */;
			productType = "com.apple.product-type.bundle.unit-test";
		};
		B99D965E27D73508009B66AE /* TourMateUITests */ = {
			isa = PBXNativeTarget;
			buildConfigurationList = B99D966F27D73508009B66AE /* Build configuration list for PBXNativeTarget "TourMateUITests" */;
			buildPhases = (
				46E5ACFF3910FD56B99D597C /* [CP] Check Pods Manifest.lock */,
				B99D965B27D73508009B66AE /* Sources */,
				B99D965C27D73508009B66AE /* Frameworks */,
				B99D965D27D73508009B66AE /* Resources */,
				12491CC7A79A5388DC9B1C95 /* [CP] Embed Pods Frameworks */,
			);
			buildRules = (
			);
			dependencies = (
				B99D966127D73508009B66AE /* PBXTargetDependency */,
			);
			name = TourMateUITests;
			productName = TourMateUITests;
			productReference = B99D965F27D73508009B66AE /* TourMateUITests.xctest */;
			productType = "com.apple.product-type.bundle.ui-testing";
		};
/* End PBXNativeTarget section */

/* Begin PBXProject section */
		B99D963D27D73503009B66AE /* Project object */ = {
			isa = PBXProject;
			attributes = {
				BuildIndependentTargetsInParallel = 1;
				LastSwiftUpdateCheck = 1320;
				LastUpgradeCheck = 1320;
				TargetAttributes = {
					B99D964427D73503009B66AE = {
						CreatedOnToolsVersion = 13.2.1;
					};
					B99D965427D73508009B66AE = {
						CreatedOnToolsVersion = 13.2.1;
						TestTargetID = B99D964427D73503009B66AE;
					};
					B99D965E27D73508009B66AE = {
						CreatedOnToolsVersion = 13.2.1;
						TestTargetID = B99D964427D73503009B66AE;
					};
				};
			};
			buildConfigurationList = B99D964027D73503009B66AE /* Build configuration list for PBXProject "TourMate" */;
			compatibilityVersion = "Xcode 13.0";
			developmentRegion = en;
			hasScannedForEncodings = 0;
			knownRegions = (
				en,
				Base,
			);
			mainGroup = B99D963C27D73503009B66AE;
			productRefGroup = B99D964627D73503009B66AE /* Products */;
			projectDirPath = "";
			projectRoot = "";
			targets = (
				B99D964427D73503009B66AE /* TourMate */,
				B99D965427D73508009B66AE /* TourMateTests */,
				B99D965E27D73508009B66AE /* TourMateUITests */,
			);
		};
/* End PBXProject section */

/* Begin PBXResourcesBuildPhase section */
		B99D964327D73503009B66AE /* Resources */ = {
			isa = PBXResourcesBuildPhase;
			buildActionMask = 2147483647;
			files = (
				B99D965027D73507009B66AE /* Preview Assets.xcassets in Resources */,
				4CB954E827DE1712001410AD /* GoogleService-Info.plist in Resources */,
				B99D964D27D73507009B66AE /* Assets.xcassets in Resources */,
			);
			runOnlyForDeploymentPostprocessing = 0;
		};
		B99D965327D73508009B66AE /* Resources */ = {
			isa = PBXResourcesBuildPhase;
			buildActionMask = 2147483647;
			files = (
			);
			runOnlyForDeploymentPostprocessing = 0;
		};
		B99D965D27D73508009B66AE /* Resources */ = {
			isa = PBXResourcesBuildPhase;
			buildActionMask = 2147483647;
			files = (
			);
			runOnlyForDeploymentPostprocessing = 0;
		};
/* End PBXResourcesBuildPhase section */

/* Begin PBXShellScriptBuildPhase section */
		0D46DCDDF5BCBE35181D4692 /* [CP] Check Pods Manifest.lock */ = {
			isa = PBXShellScriptBuildPhase;
			buildActionMask = 2147483647;
			files = (
			);
			inputFileListPaths = (
			);
			inputPaths = (
				"${PODS_PODFILE_DIR_PATH}/Podfile.lock",
				"${PODS_ROOT}/Manifest.lock",
			);
			name = "[CP] Check Pods Manifest.lock";
			outputFileListPaths = (
			);
			outputPaths = (
				"$(DERIVED_FILE_DIR)/Pods-TourMate-checkManifestLockResult.txt",
			);
			runOnlyForDeploymentPostprocessing = 0;
			shellPath = /bin/sh;
			shellScript = "diff \"${PODS_PODFILE_DIR_PATH}/Podfile.lock\" \"${PODS_ROOT}/Manifest.lock\" > /dev/null\nif [ $? != 0 ] ; then\n    # print error to STDERR\n    echo \"error: The sandbox is not in sync with the Podfile.lock. Run 'pod install' or update your CocoaPods installation.\" >&2\n    exit 1\nfi\n# This output is used by Xcode 'outputs' to avoid re-running this script phase.\necho \"SUCCESS\" > \"${SCRIPT_OUTPUT_FILE_0}\"\n";
			showEnvVarsInLog = 0;
		};
		12491CC7A79A5388DC9B1C95 /* [CP] Embed Pods Frameworks */ = {
			isa = PBXShellScriptBuildPhase;
			buildActionMask = 2147483647;
			files = (
			);
			inputFileListPaths = (
				"${PODS_ROOT}/Target Support Files/Pods-TourMate-TourMateUITests/Pods-TourMate-TourMateUITests-frameworks-${CONFIGURATION}-input-files.xcfilelist",
			);
			name = "[CP] Embed Pods Frameworks";
			outputFileListPaths = (
				"${PODS_ROOT}/Target Support Files/Pods-TourMate-TourMateUITests/Pods-TourMate-TourMateUITests-frameworks-${CONFIGURATION}-output-files.xcfilelist",
			);
			runOnlyForDeploymentPostprocessing = 0;
			shellPath = /bin/sh;
			shellScript = "\"${PODS_ROOT}/Target Support Files/Pods-TourMate-TourMateUITests/Pods-TourMate-TourMateUITests-frameworks.sh\"\n";
			showEnvVarsInLog = 0;
		};
		46E5ACFF3910FD56B99D597C /* [CP] Check Pods Manifest.lock */ = {
			isa = PBXShellScriptBuildPhase;
			buildActionMask = 2147483647;
			files = (
			);
			inputFileListPaths = (
			);
			inputPaths = (
				"${PODS_PODFILE_DIR_PATH}/Podfile.lock",
				"${PODS_ROOT}/Manifest.lock",
			);
			name = "[CP] Check Pods Manifest.lock";
			outputFileListPaths = (
			);
			outputPaths = (
				"$(DERIVED_FILE_DIR)/Pods-TourMate-TourMateUITests-checkManifestLockResult.txt",
			);
			runOnlyForDeploymentPostprocessing = 0;
			shellPath = /bin/sh;
			shellScript = "diff \"${PODS_PODFILE_DIR_PATH}/Podfile.lock\" \"${PODS_ROOT}/Manifest.lock\" > /dev/null\nif [ $? != 0 ] ; then\n    # print error to STDERR\n    echo \"error: The sandbox is not in sync with the Podfile.lock. Run 'pod install' or update your CocoaPods installation.\" >&2\n    exit 1\nfi\n# This output is used by Xcode 'outputs' to avoid re-running this script phase.\necho \"SUCCESS\" > \"${SCRIPT_OUTPUT_FILE_0}\"\n";
			showEnvVarsInLog = 0;
		};
		4AFD7B378296A0205E403052 /* [CP] Embed Pods Frameworks */ = {
			isa = PBXShellScriptBuildPhase;
			buildActionMask = 2147483647;
			files = (
			);
			inputFileListPaths = (
				"${PODS_ROOT}/Target Support Files/Pods-TourMate/Pods-TourMate-frameworks-${CONFIGURATION}-input-files.xcfilelist",
			);
			name = "[CP] Embed Pods Frameworks";
			outputFileListPaths = (
				"${PODS_ROOT}/Target Support Files/Pods-TourMate/Pods-TourMate-frameworks-${CONFIGURATION}-output-files.xcfilelist",
			);
			runOnlyForDeploymentPostprocessing = 0;
			shellPath = /bin/sh;
			shellScript = "\"${PODS_ROOT}/Target Support Files/Pods-TourMate/Pods-TourMate-frameworks.sh\"\n";
			showEnvVarsInLog = 0;
		};
		9140EC5B4F81AFF2FA618526 /* [CP] Check Pods Manifest.lock */ = {
			isa = PBXShellScriptBuildPhase;
			buildActionMask = 2147483647;
			files = (
			);
			inputFileListPaths = (
			);
			inputPaths = (
				"${PODS_PODFILE_DIR_PATH}/Podfile.lock",
				"${PODS_ROOT}/Manifest.lock",
			);
			name = "[CP] Check Pods Manifest.lock";
			outputFileListPaths = (
			);
			outputPaths = (
				"$(DERIVED_FILE_DIR)/Pods-TourMateTests-checkManifestLockResult.txt",
			);
			runOnlyForDeploymentPostprocessing = 0;
			shellPath = /bin/sh;
			shellScript = "diff \"${PODS_PODFILE_DIR_PATH}/Podfile.lock\" \"${PODS_ROOT}/Manifest.lock\" > /dev/null\nif [ $? != 0 ] ; then\n    # print error to STDERR\n    echo \"error: The sandbox is not in sync with the Podfile.lock. Run 'pod install' or update your CocoaPods installation.\" >&2\n    exit 1\nfi\n# This output is used by Xcode 'outputs' to avoid re-running this script phase.\necho \"SUCCESS\" > \"${SCRIPT_OUTPUT_FILE_0}\"\n";
			showEnvVarsInLog = 0;
		};
		B99D967227D73643009B66AE /* ShellScript */ = {
			isa = PBXShellScriptBuildPhase;
			buildActionMask = 2147483647;
			files = (
			);
			inputFileListPaths = (
			);
			inputPaths = (
			);
			outputFileListPaths = (
			);
			outputPaths = (
			);
			runOnlyForDeploymentPostprocessing = 0;
			shellPath = /bin/sh;
			shellScript = "# Type a script or drag a script file from your workspace to insert its path.\nexport PATH=\"$PATH:/opt/homebrew/bin\"\n\nif which swiftlint >/dev/null; then\n  swiftlint autocorrect && swiftlint\nelse\n  echo \"warning: SwiftLint not installed, download from https://github.com/realm/SwiftLint\"\nfi\n";
		};
/* End PBXShellScriptBuildPhase section */

/* Begin PBXSourcesBuildPhase section */
		B99D964127D73503009B66AE /* Sources */ = {
			isa = PBXSourcesBuildPhase;
			buildActionMask = 2147483647;
			files = (
				B99D968227D9DF30009B66AE /* Activity.swift in Sources */,
				00F83BC727DC62BF003A28AA /* LogOutView.swift in Sources */,
				4CB954EC27DE3F08001410AD /* FirebaseAdaptedType.swift in Sources */,
				4CCBBD1F27DE67B400F9C250 /* PlanStatus.swift in Sources */,
				B99D964B27D73503009B66AE /* ContentView.swift in Sources */,
				4CB954D227DDE039001410AD /* FirebaseConfig.swift in Sources */,
				4CB954E627DE0066001410AD /* UserPersistenceController.swift in Sources */,
				00F83BD727DC893E003A28AA /* AuthPageLogIn.swift in Sources */,
				4CCBBD1927DE626800F9C250 /* Trip.swift in Sources */,
				95CB3F7227D8E79C0086E9E3 /* MockModel.swift in Sources */,
				B967C33A27DDD71C0023B34D /* ActivityFormView.swift in Sources */,
				00F83BC927DC777C003A28AA /* LogInTitleView.swift in Sources */,
				95FAE40B27E245D200F4AB01 /* MockTripController.swift in Sources */,
				95FAE40927E2447400F4AB01 /* TripsViewModel.swift in Sources */,
				00F83BCD27DC7F3C003A28AA /* HomeNavigationView.swift in Sources */,
				4CB954EA27DE3EBC001410AD /* AnyFirebaseAdaptedData.swift in Sources */,
				4C4539B627DE456800AB8384 /* FirebaseTripController.swift in Sources */,
				00F83BD027DC81B3003A28AA /* AuthPageStatusDisplay.swift in Sources */,
				0092523A27DA573500F4F029 /* InputSecureField.swift in Sources */,
				00F83BC227DC5296003A28AA /* AuthenticationManager.swift in Sources */,
				95CB3F7A27D8E79C0086E9E3 /* TripView.swift in Sources */,
				95CB3F7427D8E79C0086E9E3 /* PlanHeaderView.swift in Sources */,
				00F83BDB27DC8D34003A28AA /* AuthenticationView.swift in Sources */,
				B99D964927D73503009B66AE /* TourMateApp.swift in Sources */,
				B99D967A27D9C43B009B66AE /* Model.swift in Sources */,
				0092523E27DA574800F4F029 /* AuthenticationController.swift in Sources */,
				4CB954DA27DDF499001410AD /* FirebaseAdaptedUser.swift in Sources */,
				B99D968427D9DF5E009B66AE /* Restaurant.swift in Sources */,
				95CB3F7727D8E79C0086E9E3 /* PlansListView.swift in Sources */,
				B93B489627DA895400478B7B /* FirebaseAdaptedAccommodation.swift in Sources */,
				B99D968427D9DF5E009B66AE /* Restaurant.swift in Sources */,
				B967C33E27DDE9BD0023B34D /* TransportFormView.swift in Sources */,
				95CB3F7727D8E79C0086E9E3 /* PlansListView.swift in Sources */,
				00F83BD527DC8607003A28AA /* AuthPageRegister.swift in Sources */,
				B967C33527DDCA4E0023B34D /* AddPlanView.swift in Sources */,
				0092523827DA573500F4F029 /* LaunchView.swift in Sources */,
				B967C33C27DDE3C20023B34D /* RestaurantFormView.swift in Sources */,
				4C4299B727E0E8B6001FD45B /* PlanType.swift in Sources */,
				00F83BC027DC528F003A28AA /* FirebaseAuthenticationManager.swift in Sources */,
				4CB954E027DDFFC7001410AD /* User.swift in Sources */,
				4CCBBD2327DE687B00F9C250 /* Comment.swift in Sources */,
				95CB3F7627D8E79C0086E9E3 /* PlanCardView.swift in Sources */,
				4CB954DE27DDFDB2001410AD /* PersistenceManager.swift in Sources */,
				95CB3F7527D8E79C0086E9E3 /* PlanView.swift in Sources */,
				B967C33827DDCF7A0023B34D /* AccommodationFormView.swift in Sources */,
				B93B489E27DAEE7400478B7B /* FirebaseAdaptedTransport.swift in Sources */,
				B93B48A027DAEEF600478B7B /* FirebaseAdaptedFlight.swift in Sources */,
				B99D968827D9DF80009B66AE /* Flight.swift in Sources */,
				95CB3F7927D8E79C0086E9E3 /* TripsView.swift in Sources */,
				B99D968027D9DF0B009B66AE /* Accommodation.swift in Sources */,
				4CB954EE27DE3FE1001410AD /* FirebaseAdaptedData.swift in Sources */,
				B99D968627D9DF70009B66AE /* Transport.swift in Sources */,
				B967C34027DDEC7A0023B34D /* FlightFormView.swift in Sources */,
				0092523627DA573500F4F029 /* TourMateTitleView.swift in Sources */,
				0092523B27DA573500F4F029 /* InputTextField.swift in Sources */,
				B93B489C27DAEDD800478B7B /* FirebaseAdaptedRestaurant.swift in Sources */,
				4CCBBD1B27DE651F00F9C250 /* PlanPersistenceController.swift in Sources */,
				4C8639A327DF37DA000566FB /* Constants.swift in Sources */,
				00F83BB827DC46E4003A28AA /* AuthPageSubmitButton.swift in Sources */,
				00F83BDD27DC8D5A003A28AA /* AuthenticationType.swift in Sources */,
				4CB954DC27DDFAA8001410AD /* FirebasePersistenceManager.swift in Sources */,
				4C8639A027DF32FE000566FB /* FirebasePlanType.swift in Sources */,
				95CB3F7127D8E79C0086E9E3 /* TripCard.swift in Sources */,
				B93B489427DA87A300478B7B /* FirebaseAdaptedPlan.swift in Sources */,
				B967C33327DDB7B20023B34D /* AddTripView.swift in Sources */,
				B93B489A27DAEC5000478B7B /* FirebaseAdaptedActivity.swift in Sources */,
				95FAE40D27E247F800F4AB01 /* TripController.swift in Sources */,
				B99D967E27D9D82C009B66AE /* Plan.swift in Sources */,
				B93B489027DA7D4F00478B7B /* FirebaseAdaptedTrip.swift in Sources */,
			);
			runOnlyForDeploymentPostprocessing = 0;
		};
		B99D965127D73508009B66AE /* Sources */ = {
			isa = PBXSourcesBuildPhase;
			buildActionMask = 2147483647;
			files = (
				B99D965A27D73508009B66AE /* TourMateTests.swift in Sources */,
			);
			runOnlyForDeploymentPostprocessing = 0;
		};
		B99D965B27D73508009B66AE /* Sources */ = {
			isa = PBXSourcesBuildPhase;
			buildActionMask = 2147483647;
			files = (
				B99D966627D73508009B66AE /* TourMateUITestsLaunchTests.swift in Sources */,
				B99D966427D73508009B66AE /* TourMateUITests.swift in Sources */,
			);
			runOnlyForDeploymentPostprocessing = 0;
		};
/* End PBXSourcesBuildPhase section */

/* Begin PBXTargetDependency section */
		B99D965727D73508009B66AE /* PBXTargetDependency */ = {
			isa = PBXTargetDependency;
			target = B99D964427D73503009B66AE /* TourMate */;
			targetProxy = B99D965627D73508009B66AE /* PBXContainerItemProxy */;
		};
		B99D966127D73508009B66AE /* PBXTargetDependency */ = {
			isa = PBXTargetDependency;
			target = B99D964427D73503009B66AE /* TourMate */;
			targetProxy = B99D966027D73508009B66AE /* PBXContainerItemProxy */;
		};
/* End PBXTargetDependency section */

/* Begin XCBuildConfiguration section */
		B99D966727D73508009B66AE /* Debug */ = {
			isa = XCBuildConfiguration;
			buildSettings = {
				ALWAYS_SEARCH_USER_PATHS = NO;
				CLANG_ANALYZER_NONNULL = YES;
				CLANG_ANALYZER_NUMBER_OBJECT_CONVERSION = YES_AGGRESSIVE;
				CLANG_CXX_LANGUAGE_STANDARD = "gnu++17";
				CLANG_CXX_LIBRARY = "libc++";
				CLANG_ENABLE_MODULES = YES;
				CLANG_ENABLE_OBJC_ARC = YES;
				CLANG_ENABLE_OBJC_WEAK = YES;
				CLANG_WARN_BLOCK_CAPTURE_AUTORELEASING = YES;
				CLANG_WARN_BOOL_CONVERSION = YES;
				CLANG_WARN_COMMA = YES;
				CLANG_WARN_CONSTANT_CONVERSION = YES;
				CLANG_WARN_DEPRECATED_OBJC_IMPLEMENTATIONS = YES;
				CLANG_WARN_DIRECT_OBJC_ISA_USAGE = YES_ERROR;
				CLANG_WARN_DOCUMENTATION_COMMENTS = YES;
				CLANG_WARN_EMPTY_BODY = YES;
				CLANG_WARN_ENUM_CONVERSION = YES;
				CLANG_WARN_INFINITE_RECURSION = YES;
				CLANG_WARN_INT_CONVERSION = YES;
				CLANG_WARN_NON_LITERAL_NULL_CONVERSION = YES;
				CLANG_WARN_OBJC_IMPLICIT_RETAIN_SELF = YES;
				CLANG_WARN_OBJC_LITERAL_CONVERSION = YES;
				CLANG_WARN_OBJC_ROOT_CLASS = YES_ERROR;
				CLANG_WARN_QUOTED_INCLUDE_IN_FRAMEWORK_HEADER = YES;
				CLANG_WARN_RANGE_LOOP_ANALYSIS = YES;
				CLANG_WARN_STRICT_PROTOTYPES = YES;
				CLANG_WARN_SUSPICIOUS_MOVE = YES;
				CLANG_WARN_UNGUARDED_AVAILABILITY = YES_AGGRESSIVE;
				CLANG_WARN_UNREACHABLE_CODE = YES;
				CLANG_WARN__DUPLICATE_METHOD_MATCH = YES;
				COPY_PHASE_STRIP = NO;
				DEBUG_INFORMATION_FORMAT = dwarf;
				ENABLE_STRICT_OBJC_MSGSEND = YES;
				ENABLE_TESTABILITY = YES;
				EXCLUDED_ARCHS = "";
				"EXCLUDED_ARCHS[sdk=iphonesimulator*]" = arm64;
				GCC_C_LANGUAGE_STANDARD = gnu11;
				GCC_DYNAMIC_NO_PIC = NO;
				GCC_NO_COMMON_BLOCKS = YES;
				GCC_OPTIMIZATION_LEVEL = 0;
				GCC_PREPROCESSOR_DEFINITIONS = (
					"DEBUG=1",
					"$(inherited)",
				);
				GCC_WARN_64_TO_32_BIT_CONVERSION = YES;
				GCC_WARN_ABOUT_RETURN_TYPE = YES_ERROR;
				GCC_WARN_UNDECLARED_SELECTOR = YES;
				GCC_WARN_UNINITIALIZED_AUTOS = YES_AGGRESSIVE;
				GCC_WARN_UNUSED_FUNCTION = YES;
				GCC_WARN_UNUSED_VARIABLE = YES;
				IPHONEOS_DEPLOYMENT_TARGET = 15.2;
				MTL_ENABLE_DEBUG_INFO = INCLUDE_SOURCE;
				MTL_FAST_MATH = YES;
				ONLY_ACTIVE_ARCH = YES;
				SDKROOT = iphoneos;
				SWIFT_ACTIVE_COMPILATION_CONDITIONS = DEBUG;
				SWIFT_OPTIMIZATION_LEVEL = "-Onone";
			};
			name = Debug;
		};
		B99D966827D73508009B66AE /* Release */ = {
			isa = XCBuildConfiguration;
			buildSettings = {
				ALWAYS_SEARCH_USER_PATHS = NO;
				CLANG_ANALYZER_NONNULL = YES;
				CLANG_ANALYZER_NUMBER_OBJECT_CONVERSION = YES_AGGRESSIVE;
				CLANG_CXX_LANGUAGE_STANDARD = "gnu++17";
				CLANG_CXX_LIBRARY = "libc++";
				CLANG_ENABLE_MODULES = YES;
				CLANG_ENABLE_OBJC_ARC = YES;
				CLANG_ENABLE_OBJC_WEAK = YES;
				CLANG_WARN_BLOCK_CAPTURE_AUTORELEASING = YES;
				CLANG_WARN_BOOL_CONVERSION = YES;
				CLANG_WARN_COMMA = YES;
				CLANG_WARN_CONSTANT_CONVERSION = YES;
				CLANG_WARN_DEPRECATED_OBJC_IMPLEMENTATIONS = YES;
				CLANG_WARN_DIRECT_OBJC_ISA_USAGE = YES_ERROR;
				CLANG_WARN_DOCUMENTATION_COMMENTS = YES;
				CLANG_WARN_EMPTY_BODY = YES;
				CLANG_WARN_ENUM_CONVERSION = YES;
				CLANG_WARN_INFINITE_RECURSION = YES;
				CLANG_WARN_INT_CONVERSION = YES;
				CLANG_WARN_NON_LITERAL_NULL_CONVERSION = YES;
				CLANG_WARN_OBJC_IMPLICIT_RETAIN_SELF = YES;
				CLANG_WARN_OBJC_LITERAL_CONVERSION = YES;
				CLANG_WARN_OBJC_ROOT_CLASS = YES_ERROR;
				CLANG_WARN_QUOTED_INCLUDE_IN_FRAMEWORK_HEADER = YES;
				CLANG_WARN_RANGE_LOOP_ANALYSIS = YES;
				CLANG_WARN_STRICT_PROTOTYPES = YES;
				CLANG_WARN_SUSPICIOUS_MOVE = YES;
				CLANG_WARN_UNGUARDED_AVAILABILITY = YES_AGGRESSIVE;
				CLANG_WARN_UNREACHABLE_CODE = YES;
				CLANG_WARN__DUPLICATE_METHOD_MATCH = YES;
				COPY_PHASE_STRIP = NO;
				DEBUG_INFORMATION_FORMAT = "dwarf-with-dsym";
				ENABLE_NS_ASSERTIONS = NO;
				ENABLE_STRICT_OBJC_MSGSEND = YES;
				EXCLUDED_ARCHS = "";
				"EXCLUDED_ARCHS[sdk=iphonesimulator*]" = arm64;
				GCC_C_LANGUAGE_STANDARD = gnu11;
				GCC_NO_COMMON_BLOCKS = YES;
				GCC_WARN_64_TO_32_BIT_CONVERSION = YES;
				GCC_WARN_ABOUT_RETURN_TYPE = YES_ERROR;
				GCC_WARN_UNDECLARED_SELECTOR = YES;
				GCC_WARN_UNINITIALIZED_AUTOS = YES_AGGRESSIVE;
				GCC_WARN_UNUSED_FUNCTION = YES;
				GCC_WARN_UNUSED_VARIABLE = YES;
				IPHONEOS_DEPLOYMENT_TARGET = 15.2;
				MTL_ENABLE_DEBUG_INFO = NO;
				MTL_FAST_MATH = YES;
				SDKROOT = iphoneos;
				SWIFT_COMPILATION_MODE = wholemodule;
				SWIFT_OPTIMIZATION_LEVEL = "-O";
				VALIDATE_PRODUCT = YES;
			};
			name = Release;
		};
		B99D966A27D73508009B66AE /* Debug */ = {
			isa = XCBuildConfiguration;
			baseConfigurationReference = FB5F528176089FDEB5E4EC7D /* Pods-TourMate.debug.xcconfig */;
			buildSettings = {
				ASSETCATALOG_COMPILER_APPICON_NAME = AppIcon;
				ASSETCATALOG_COMPILER_GLOBAL_ACCENT_COLOR_NAME = AccentColor;
				CODE_SIGN_STYLE = Automatic;
				CURRENT_PROJECT_VERSION = 1;
				DEVELOPMENT_ASSET_PATHS = "\"TourMate/Preview Content\"";
				DEVELOPMENT_TEAM = JH4N7Z4FH9;
				ENABLE_PREVIEWS = YES;
				GENERATE_INFOPLIST_FILE = YES;
				INFOPLIST_KEY_UIApplicationSceneManifest_Generation = YES;
				INFOPLIST_KEY_UIApplicationSupportsIndirectInputEvents = YES;
				INFOPLIST_KEY_UILaunchScreen_Generation = YES;
				INFOPLIST_KEY_UISupportedInterfaceOrientations_iPad = "UIInterfaceOrientationPortrait UIInterfaceOrientationPortraitUpsideDown UIInterfaceOrientationLandscapeLeft UIInterfaceOrientationLandscapeRight";
				INFOPLIST_KEY_UISupportedInterfaceOrientations_iPhone = "UIInterfaceOrientationPortrait UIInterfaceOrientationLandscapeLeft UIInterfaceOrientationLandscapeRight";
				LD_RUNPATH_SEARCH_PATHS = (
					"$(inherited)",
					"@executable_path/Frameworks",
				);
				MARKETING_VERSION = 1.0;
				PRODUCT_BUNDLE_IDENTIFIER = com.TourMate;
				PRODUCT_NAME = "$(TARGET_NAME)";
				SWIFT_EMIT_LOC_STRINGS = YES;
				SWIFT_VERSION = 5.0;
				TARGETED_DEVICE_FAMILY = "1,2";
			};
			name = Debug;
		};
		B99D966B27D73508009B66AE /* Release */ = {
			isa = XCBuildConfiguration;
			baseConfigurationReference = 1DBB3372EFB870D2316CAA4E /* Pods-TourMate.release.xcconfig */;
			buildSettings = {
				ASSETCATALOG_COMPILER_APPICON_NAME = AppIcon;
				ASSETCATALOG_COMPILER_GLOBAL_ACCENT_COLOR_NAME = AccentColor;
				CODE_SIGN_STYLE = Automatic;
				CURRENT_PROJECT_VERSION = 1;
				DEVELOPMENT_ASSET_PATHS = "\"TourMate/Preview Content\"";
				DEVELOPMENT_TEAM = JH4N7Z4FH9;
				ENABLE_PREVIEWS = YES;
				GENERATE_INFOPLIST_FILE = YES;
				INFOPLIST_KEY_UIApplicationSceneManifest_Generation = YES;
				INFOPLIST_KEY_UIApplicationSupportsIndirectInputEvents = YES;
				INFOPLIST_KEY_UILaunchScreen_Generation = YES;
				INFOPLIST_KEY_UISupportedInterfaceOrientations_iPad = "UIInterfaceOrientationPortrait UIInterfaceOrientationPortraitUpsideDown UIInterfaceOrientationLandscapeLeft UIInterfaceOrientationLandscapeRight";
				INFOPLIST_KEY_UISupportedInterfaceOrientations_iPhone = "UIInterfaceOrientationPortrait UIInterfaceOrientationLandscapeLeft UIInterfaceOrientationLandscapeRight";
				LD_RUNPATH_SEARCH_PATHS = (
					"$(inherited)",
					"@executable_path/Frameworks",
				);
				MARKETING_VERSION = 1.0;
				PRODUCT_BUNDLE_IDENTIFIER = com.TourMate;
				PRODUCT_NAME = "$(TARGET_NAME)";
				SWIFT_EMIT_LOC_STRINGS = YES;
				SWIFT_VERSION = 5.0;
				TARGETED_DEVICE_FAMILY = "1,2";
			};
			name = Release;
		};
		B99D966D27D73508009B66AE /* Debug */ = {
			isa = XCBuildConfiguration;
			baseConfigurationReference = BB95BCAE2E240926ED846BB1 /* Pods-TourMateTests.debug.xcconfig */;
			buildSettings = {
				ALWAYS_EMBED_SWIFT_STANDARD_LIBRARIES = YES;
				BUNDLE_LOADER = "$(TEST_HOST)";
				CODE_SIGN_STYLE = Automatic;
				CURRENT_PROJECT_VERSION = 1;
				GENERATE_INFOPLIST_FILE = YES;
				IPHONEOS_DEPLOYMENT_TARGET = 15.2;
				MARKETING_VERSION = 1.0;
				PRODUCT_BUNDLE_IDENTIFIER = com.TourMateTests;
				PRODUCT_NAME = "$(TARGET_NAME)";
				SWIFT_EMIT_LOC_STRINGS = NO;
				SWIFT_VERSION = 5.0;
				TARGETED_DEVICE_FAMILY = "1,2";
				TEST_HOST = "$(BUILT_PRODUCTS_DIR)/TourMate.app/TourMate";
			};
			name = Debug;
		};
		B99D966E27D73508009B66AE /* Release */ = {
			isa = XCBuildConfiguration;
			baseConfigurationReference = 02A86F1890351A432B17B67E /* Pods-TourMateTests.release.xcconfig */;
			buildSettings = {
				ALWAYS_EMBED_SWIFT_STANDARD_LIBRARIES = YES;
				BUNDLE_LOADER = "$(TEST_HOST)";
				CODE_SIGN_STYLE = Automatic;
				CURRENT_PROJECT_VERSION = 1;
				GENERATE_INFOPLIST_FILE = YES;
				IPHONEOS_DEPLOYMENT_TARGET = 15.2;
				MARKETING_VERSION = 1.0;
				PRODUCT_BUNDLE_IDENTIFIER = com.TourMateTests;
				PRODUCT_NAME = "$(TARGET_NAME)";
				SWIFT_EMIT_LOC_STRINGS = NO;
				SWIFT_VERSION = 5.0;
				TARGETED_DEVICE_FAMILY = "1,2";
				TEST_HOST = "$(BUILT_PRODUCTS_DIR)/TourMate.app/TourMate";
			};
			name = Release;
		};
		B99D967027D73508009B66AE /* Debug */ = {
			isa = XCBuildConfiguration;
			baseConfigurationReference = CD5431EEBB0D43FA279D8E8A /* Pods-TourMate-TourMateUITests.debug.xcconfig */;
			buildSettings = {
				ALWAYS_EMBED_SWIFT_STANDARD_LIBRARIES = YES;
				CODE_SIGN_STYLE = Automatic;
				CURRENT_PROJECT_VERSION = 1;
				GENERATE_INFOPLIST_FILE = YES;
				MARKETING_VERSION = 1.0;
				PRODUCT_BUNDLE_IDENTIFIER = com.TourMateUITests;
				PRODUCT_NAME = "$(TARGET_NAME)";
				SWIFT_EMIT_LOC_STRINGS = NO;
				SWIFT_VERSION = 5.0;
				TARGETED_DEVICE_FAMILY = "1,2";
				TEST_TARGET_NAME = TourMate;
			};
			name = Debug;
		};
		B99D967127D73508009B66AE /* Release */ = {
			isa = XCBuildConfiguration;
			baseConfigurationReference = 8F0AD6F3D818D6A89B4B41BF /* Pods-TourMate-TourMateUITests.release.xcconfig */;
			buildSettings = {
				ALWAYS_EMBED_SWIFT_STANDARD_LIBRARIES = YES;
				CODE_SIGN_STYLE = Automatic;
				CURRENT_PROJECT_VERSION = 1;
				GENERATE_INFOPLIST_FILE = YES;
				MARKETING_VERSION = 1.0;
				PRODUCT_BUNDLE_IDENTIFIER = com.TourMateUITests;
				PRODUCT_NAME = "$(TARGET_NAME)";
				SWIFT_EMIT_LOC_STRINGS = NO;
				SWIFT_VERSION = 5.0;
				TARGETED_DEVICE_FAMILY = "1,2";
				TEST_TARGET_NAME = TourMate;
			};
			name = Release;
		};
/* End XCBuildConfiguration section */

/* Begin XCConfigurationList section */
		B99D964027D73503009B66AE /* Build configuration list for PBXProject "TourMate" */ = {
			isa = XCConfigurationList;
			buildConfigurations = (
				B99D966727D73508009B66AE /* Debug */,
				B99D966827D73508009B66AE /* Release */,
			);
			defaultConfigurationIsVisible = 0;
			defaultConfigurationName = Release;
		};
		B99D966927D73508009B66AE /* Build configuration list for PBXNativeTarget "TourMate" */ = {
			isa = XCConfigurationList;
			buildConfigurations = (
				B99D966A27D73508009B66AE /* Debug */,
				B99D966B27D73508009B66AE /* Release */,
			);
			defaultConfigurationIsVisible = 0;
			defaultConfigurationName = Release;
		};
		B99D966C27D73508009B66AE /* Build configuration list for PBXNativeTarget "TourMateTests" */ = {
			isa = XCConfigurationList;
			buildConfigurations = (
				B99D966D27D73508009B66AE /* Debug */,
				B99D966E27D73508009B66AE /* Release */,
			);
			defaultConfigurationIsVisible = 0;
			defaultConfigurationName = Release;
		};
		B99D966F27D73508009B66AE /* Build configuration list for PBXNativeTarget "TourMateUITests" */ = {
			isa = XCConfigurationList;
			buildConfigurations = (
				B99D967027D73508009B66AE /* Debug */,
				B99D967127D73508009B66AE /* Release */,
			);
			defaultConfigurationIsVisible = 0;
			defaultConfigurationName = Release;
		};
/* End XCConfigurationList section */
	};
	rootObject = B99D963D27D73503009B66AE /* Project object */;
}
